
Microsoft Visual Studio Solution File, Format Version 12.00
# Visual Studio Version 16
VisualStudioVersion = 16.0.31205.134
MinimumVisualStudioVersion = 10.0.40219.1
Project("{FAE04EC0-301F-11D3-BF4B-00C04F79EFBC}") = "ConsoleApp3", "ConsoleApp3.csproj", "{05D2B657-A76E-4953-9825-D6ED08C67DF3}"
EndProject
Global
	GlobalSection(SolutionConfigurationPlatforms) = preSolution
		Debug|Any CPU = Debug|Any CPU
		Release|Any CPU = Release|Any CPU
	EndGlobalSection
	GlobalSection(ProjectConfigurationPlatforms) = postSolution
		{05D2B657-A76E-4953-9825-D6ED08C67DF3}.Debug|Any CPU.ActiveCfg = Debug|Any CPU
		{05D2B657-A76E-4953-9825-D6ED08C67DF3}.Debug|Any CPU.Build.0 = Debug|Any CPU
		{05D2B657-A76E-4953-9825-D6ED08C67DF3}.Release|Any CPU.ActiveCfg = Release|Any CPU
		{05D2B657-A76E-4953-9825-D6ED08C67DF3}.Release|Any CPU.Build.0 = Release|Any CPU
	EndGlobalSection
	GlobalSection(SolutionProperties) = preSolution
		HideSolutionNode = FALSE
	EndGlobalSection
	GlobalSection(ExtensibilityGlobals) = postSolution
		SolutionGuid = {DC8F1CFA-3315-4DE1-B7DC-36CE8344D5FD}
	EndGlobalSection
EndGlobal
